
Microsoft Visual Studio Solution File, Format Version 12.00
# Visual Studio Version 17
VisualStudioVersion = 17.14.36429.23 d17.14
MinimumVisualStudioVersion = 10.0.40219.1
Project("{FAE04EC0-301F-11D3-BF4B-00C04F79EFBC}") = "Lab2", "Lab2\Lab2.csproj", "{7EA64706-B96F-49FF-A9BE-50157EFD2A11}"
EndProject
Project("{2150E333-8FDC-42A3-9474-1A3956D46DE8}") = "Элементы решения", "Элементы решения", "{754FC069-D67B-A9D7-50A1-8D1CA196D8F1}"
	ProjectSection(SolutionItems) = preProject
		..\Lab1\Lab1.sln = ..\Lab1\Lab1.sln
		..\Lab1\Lab1\Program.cs = ..\Lab1\Lab1\Program.cs
	EndProjectSection
EndProject
Global
	GlobalSection(SolutionConfigurationPlatforms) = preSolution
		Debug|Any CPU = Debug|Any CPU
		Release|Any CPU = Release|Any CPU
	EndGlobalSection
	GlobalSection(ProjectConfigurationPlatforms) = postSolution
		{7EA64706-B96F-49FF-A9BE-50157EFD2A11}.Debug|Any CPU.ActiveCfg = Debug|Any CPU
		{7EA64706-B96F-49FF-A9BE-50157EFD2A11}.Debug|Any CPU.Build.0 = Debug|Any CPU
		{7EA64706-B96F-49FF-A9BE-50157EFD2A11}.Release|Any CPU.ActiveCfg = Release|Any CPU
		{7EA64706-B96F-49FF-A9BE-50157EFD2A11}.Release|Any CPU.Build.0 = Release|Any CPU
	EndGlobalSection
	GlobalSection(SolutionProperties) = preSolution
		HideSolutionNode = FALSE
	EndGlobalSection
	GlobalSection(ExtensibilityGlobals) = postSolution
		SolutionGuid = {7FC15AAF-62E9-405D-B801-858049498331}
	EndGlobalSection
EndGlobal
